
Microsoft Visual Studio Solution File, Format Version 12.00
# Visual Studio 15
VisualStudioVersion = 15.0.27703.2042
MinimumVisualStudioVersion = 10.0.40219.1
Project("{FAE04EC0-301F-11D3-BF4B-00C04F79EFBC}") = "TexturesShellExtension", "TexturesShellExtension\TexturesShellExtension.csproj", "{342D8341-2A27-4A35-8414-2C883B2C5F73}"
EndProject
Global
	GlobalSection(SolutionConfigurationPlatforms) = preSolution
		Debug|Any CPU = Debug|Any CPU
		Release|Any CPU = Release|Any CPU
	EndGlobalSection
	GlobalSection(ProjectConfigurationPlatforms) = postSolution
		{342D8341-2A27-4A35-8414-2C883B2C5F73}.Debug|Any CPU.ActiveCfg = Debug|Any CPU
		{342D8341-2A27-4A35-8414-2C883B2C5F73}.Debug|Any CPU.Build.0 = Debug|Any CPU
		{342D8341-2A27-4A35-8414-2C883B2C5F73}.Release|Any CPU.ActiveCfg = Release|Any CPU
		{342D8341-2A27-4A35-8414-2C883B2C5F73}.Release|Any CPU.Build.0 = Release|Any CPU
	EndGlobalSection
	GlobalSection(SolutionProperties) = preSolution
		HideSolutionNode = FALSE
	EndGlobalSection
	GlobalSection(ExtensibilityGlobals) = postSolution
		SolutionGuid = {F1F48AF3-A19F-4E28-834E-088559FA388E}
	EndGlobalSection
EndGlobal
